
Microsoft Visual Studio Solution File, Format Version 12.00
# Visual Studio 15
VisualStudioVersion = 15.0.26730.16
MinimumVisualStudioVersion = 10.0.40219.1
Project("{FAE04EC0-301F-11D3-BF4B-00C04F79EFBC}") = "AssecontNovo", "AssecontNovo\AssecontNovo.csproj", "{0AC090E0-7F8E-4AEC-91E2-95C302B6AE14}"
EndProject
Project("{FAE04EC0-301F-11D3-BF4B-00C04F79EFBC}") = "Assecontweb.Classes.Views", "..\Assecontweb.Classes.Views\Assecontweb.Classes.Views\Assecontweb.Classes.Views.csproj", "{AB734F4B-1047-4C7A-B82D-93E43EC9712E}"
EndProject
Global
	GlobalSection(SolutionConfigurationPlatforms) = preSolution
		Debug|Any CPU = Debug|Any CPU
		Release|Any CPU = Release|Any CPU
	EndGlobalSection
	GlobalSection(ProjectConfigurationPlatforms) = postSolution
		{0AC090E0-7F8E-4AEC-91E2-95C302B6AE14}.Debug|Any CPU.ActiveCfg = Debug|Any CPU
		{0AC090E0-7F8E-4AEC-91E2-95C302B6AE14}.Debug|Any CPU.Build.0 = Debug|Any CPU
		{0AC090E0-7F8E-4AEC-91E2-95C302B6AE14}.Release|Any CPU.ActiveCfg = Release|Any CPU
		{0AC090E0-7F8E-4AEC-91E2-95C302B6AE14}.Release|Any CPU.Build.0 = Release|Any CPU
		{AB734F4B-1047-4C7A-B82D-93E43EC9712E}.Debug|Any CPU.ActiveCfg = Debug|Any CPU
		{AB734F4B-1047-4C7A-B82D-93E43EC9712E}.Debug|Any CPU.Build.0 = Debug|Any CPU
		{AB734F4B-1047-4C7A-B82D-93E43EC9712E}.Release|Any CPU.ActiveCfg = Release|Any CPU
		{AB734F4B-1047-4C7A-B82D-93E43EC9712E}.Release|Any CPU.Build.0 = Release|Any CPU
	EndGlobalSection
	GlobalSection(SolutionProperties) = preSolution
		HideSolutionNode = FALSE
	EndGlobalSection
	GlobalSection(ExtensibilityGlobals) = postSolution
		SolutionGuid = {5BFF1896-C527-4E48-A9B9-F79E4E8887BD}
	EndGlobalSection
EndGlobal
